# This file was autogenerated by Stack.
# You should not edit this file by hand.
# For more information, please see the documentation at:
#   https://docs.haskellstack.org/en/stable/lock_files

packages:
- completed:
    hackage: quantities-0.4.0@sha256:d9682eec40942e405243455a34be7d50a529509d6e38173b6cd6da295cfb1190,3030
    pantry-tree:
      size: 1117
      sha256: 1910ec20427d0789f41682f08fe3506f3f0071335b14551bf9140007654958eb
  original:
    hackage: quantities-0.4.0@sha256:d9682eec40942e405243455a34be7d50a529509d6e38173b6cd6da295cfb1190
- completed:
    hackage: conversion-1.2.1@sha256:8db4210950736e54be5cd7f7076c19e05d06fb48673eb23638093246a1e7199e,2155
    pantry-tree:
      size: 267
      sha256: f199f459ee8ab2ce5f41cb8199ca60a7ad4f7897a5c474e10126dff6035ca4e9
  original:
    hackage: conversion-1.2.1@sha256:8db4210950736e54be5cd7f7076c19e05d06fb48673eb23638093246a1e7199e
- completed:
    hackage: conversion-text-1.0.1@sha256:6c93c9a8bd7c58816c89cb6a1d8d47796812fe1366d4c6af852183c6696dda75,1650
    pantry-tree:
      size: 276
      sha256: 7a68f015fead3427cd19d9976245956ee37dd842c976633e584fb842289ed0cf
  original:
    hackage: conversion-text-1.0.1@sha256:6c93c9a8bd7c58816c89cb6a1d8d47796812fe1366d4c6af852183c6696dda75
- completed:
    hackage: conversion-bytestring-1.0.1@sha256:273d42b5fae89e38be49f9a871f8dc5665a706fc09027a0971e73becbddfce49,1628
    pantry-tree:
      size: 288
      sha256: 451772b543a3e637c38c4708be47cdf7d9309162ac682cd2b7027e7f6abbf1fd
  original:
    hackage: conversion-bytestring-1.0.1@sha256:273d42b5fae89e38be49f9a871f8dc5665a706fc09027a0971e73becbddfce49
snapshots:
- completed:
    size: 504771
    url: https://raw.githubusercontent.com/commercialhaskell/stackage-snapshots/master/lts/12/14.yaml
    sha256: 3cbd6c83316dd5e2bbc756dc7a2a4e31a31859c3f8b5c720efb6850b08e42649
  original: lts-12.14
